
Microsoft Visual Studio Solution File, Format Version 12.00
# Visual Studio Version 17
VisualStudioVersion = 17.0.31903.59
MinimumVisualStudioVersion = 10.0.40219.1
Project("{2150E333-8FDC-42A3-9474-1A3956D46DE8}") = "src", "src", "{DD458F35-52EE-42C1-A9F7-E85170F643B2}"
EndProject
Project("{2150E333-8FDC-42A3-9474-1A3956D46DE8}") = "deployment", "deployment", "{627D003C-6B43-48D3-B958-409D2EA3B10E}"
EndProject
Project("{2150E333-8FDC-42A3-9474-1A3956D46DE8}") = "tests", "tests", "{361BBDED-92CB-426F-8401-7F7ECCC978C4}"
EndProject
Project("{2150E333-8FDC-42A3-9474-1A3956D46DE8}") = "orders", "orders", "{71173146-59F7-4A42-8A0F-20E010A8EC4A}"
EndProject
Project("{2150E333-8FDC-42A3-9474-1A3956D46DE8}") = "discounts", "discounts", "{B6AD3BF7-A126-4704-8640-4D1C88DB6237}"
EndProject
Project("{2150E333-8FDC-42A3-9474-1A3956D46DE8}") = "catalogs", "catalogs", "{244787A3-A753-41C5-8155-47E69CB2EFCD}"
EndProject
Project("{2150E333-8FDC-42A3-9474-1A3956D46DE8}") = "shoppingcarts", "shoppingcarts", "{A91C7C6E-F550-42F3-8D50-3E57798630D4}"
EndProject
Project("{FAE04EC0-301F-11D3-BF4B-00C04F79EFBC}") = "Catalog.Api", "src\Catalog\Catalog.Api\Catalog.Api.csproj", "{FE1C5858-20D5-4CB5-A945-2C49B5BC6331}"
EndProject
Project("{FAE04EC0-301F-11D3-BF4B-00C04F79EFBC}") = "Catalog.Application", "src\Catalog\Catalog.Application\Catalog.Application.csproj", "{75933388-6DB1-4FC7-A1A0-037AE6375D2B}"
EndProject
Project("{FAE04EC0-301F-11D3-BF4B-00C04F79EFBC}") = "Catalog.Infrastructure", "src\Catalog\Catalog.Infrastructure\Catalog.Infrastructure.csproj", "{AE3CE650-A2DB-42D8-AC6E-3BA82CC0DB50}"
EndProject
Project("{FAE04EC0-301F-11D3-BF4B-00C04F79EFBC}") = "Catalog.Domain", "src\Catalog\Catalog.Domain\Catalog.Domain.csproj", "{88BDD99A-4915-472B-B12E-A0266847AB41}"
EndProject
Project("{FAE04EC0-301F-11D3-BF4B-00C04F79EFBC}") = "Discount.Api", "src\Discount\Discount.Api\Discount.Api.csproj", "{60BE64F4-2AAF-4319-BE1F-7142BCA219B0}"
EndProject
Project("{FAE04EC0-301F-11D3-BF4B-00C04F79EFBC}") = "Discount.Application", "src\Discount\Discount.Application\Discount.Application.csproj", "{B2640EE2-7BD1-4905-B71D-FC3F1D6A731B}"
EndProject
Project("{FAE04EC0-301F-11D3-BF4B-00C04F79EFBC}") = "Discount.Domain", "src\Discount\Discount.Domain\Discount.Domain.csproj", "{D0D9F056-4FD1-47A9-A69E-22BB50678048}"
EndProject
Project("{FAE04EC0-301F-11D3-BF4B-00C04F79EFBC}") = "Discount.Infrastructure", "src\Discount\Discount.Infrastructure\Discount.Infrastructure.csproj", "{4EA1F4A0-6CE0-4B3D-81D7-A15E5C8A56B9}"
EndProject
Project("{FAE04EC0-301F-11D3-BF4B-00C04F79EFBC}") = "Ordering.Application", "src\Ordering\Ordering.Application\Ordering.Application.csproj", "{2700FE55-FF8A-497B-A719-11B5A4C420D3}"
EndProject
Project("{FAE04EC0-301F-11D3-BF4B-00C04F79EFBC}") = "Ordering.Infrastructure", "src\Ordering\Ordering.Infrastructure\Ordering.Infrastructure.csproj", "{EAE75111-6EF7-4657-BB91-E64D5D3F365E}"
EndProject
Project("{FAE04EC0-301F-11D3-BF4B-00C04F79EFBC}") = "Ordering.Api", "src\Ordering\Ordering.Api\Ordering.Api.csproj", "{BD7DC1D5-CCB3-444E-9BED-1D60098A144A}"
EndProject
Project("{FAE04EC0-301F-11D3-BF4B-00C04F79EFBC}") = "Ordering.Domain", "src\Ordering\Ordering.Domain\Ordering.Domain.csproj", "{A642DC58-E9C2-44BB-B89E-6D1CC7B691B3}"
EndProject
Project("{FAE04EC0-301F-11D3-BF4B-00C04F79EFBC}") = "ShoppingCart.Domain", "src\ShoppingCart\ShoppingCart.Domain\ShoppingCart.Domain.csproj", "{ACD786B2-B0A1-40F7-ABA5-CB76C8F3B257}"
EndProject
Project("{FAE04EC0-301F-11D3-BF4B-00C04F79EFBC}") = "ShoppingCart.Application", "src\ShoppingCart\ShoppingCart.Application\ShoppingCart.Application.csproj", "{D92DA903-93AB-47B8-B2D4-7741139C04B7}"
EndProject
Project("{FAE04EC0-301F-11D3-BF4B-00C04F79EFBC}") = "ShoppingCart.Infrastructure", "src\ShoppingCart\ShoppingCart.Infrastructure\ShoppingCart.Infrastructure.csproj", "{F72220C0-931D-491E-AEBF-D53C43BA8ECD}"
EndProject
Project("{FAE04EC0-301F-11D3-BF4B-00C04F79EFBC}") = "ShoppingCart.Api", "src\ShoppingCart\ShoppingCart.Api\ShoppingCart.Api.csproj", "{10E3569D-C7F3-4A64-B551-333A010F65A5}"
EndProject
Global
	GlobalSection(SolutionConfigurationPlatforms) = preSolution
		Debug|Any CPU = Debug|Any CPU
		Release|Any CPU = Release|Any CPU
	EndGlobalSection
	GlobalSection(ProjectConfigurationPlatforms) = postSolution
		{FE1C5858-20D5-4CB5-A945-2C49B5BC6331}.Debug|Any CPU.ActiveCfg = Debug|Any CPU
		{FE1C5858-20D5-4CB5-A945-2C49B5BC6331}.Debug|Any CPU.Build.0 = Debug|Any CPU
		{FE1C5858-20D5-4CB5-A945-2C49B5BC6331}.Release|Any CPU.ActiveCfg = Release|Any CPU
		{FE1C5858-20D5-4CB5-A945-2C49B5BC6331}.Release|Any CPU.Build.0 = Release|Any CPU
		{75933388-6DB1-4FC7-A1A0-037AE6375D2B}.Debug|Any CPU.ActiveCfg = Debug|Any CPU
		{75933388-6DB1-4FC7-A1A0-037AE6375D2B}.Debug|Any CPU.Build.0 = Debug|Any CPU
		{75933388-6DB1-4FC7-A1A0-037AE6375D2B}.Release|Any CPU.ActiveCfg = Release|Any CPU
		{75933388-6DB1-4FC7-A1A0-037AE6375D2B}.Release|Any CPU.Build.0 = Release|Any CPU
		{AE3CE650-A2DB-42D8-AC6E-3BA82CC0DB50}.Debug|Any CPU.ActiveCfg = Debug|Any CPU
		{AE3CE650-A2DB-42D8-AC6E-3BA82CC0DB50}.Debug|Any CPU.Build.0 = Debug|Any CPU
		{AE3CE650-A2DB-42D8-AC6E-3BA82CC0DB50}.Release|Any CPU.ActiveCfg = Release|Any CPU
		{AE3CE650-A2DB-42D8-AC6E-3BA82CC0DB50}.Release|Any CPU.Build.0 = Release|Any CPU
		{88BDD99A-4915-472B-B12E-A0266847AB41}.Debug|Any CPU.ActiveCfg = Debug|Any CPU
		{88BDD99A-4915-472B-B12E-A0266847AB41}.Debug|Any CPU.Build.0 = Debug|Any CPU
		{88BDD99A-4915-472B-B12E-A0266847AB41}.Release|Any CPU.ActiveCfg = Release|Any CPU
		{88BDD99A-4915-472B-B12E-A0266847AB41}.Release|Any CPU.Build.0 = Release|Any CPU
		{60BE64F4-2AAF-4319-BE1F-7142BCA219B0}.Debug|Any CPU.ActiveCfg = Debug|Any CPU
		{60BE64F4-2AAF-4319-BE1F-7142BCA219B0}.Debug|Any CPU.Build.0 = Debug|Any CPU
		{60BE64F4-2AAF-4319-BE1F-7142BCA219B0}.Release|Any CPU.ActiveCfg = Release|Any CPU
		{60BE64F4-2AAF-4319-BE1F-7142BCA219B0}.Release|Any CPU.Build.0 = Release|Any CPU
		{B2640EE2-7BD1-4905-B71D-FC3F1D6A731B}.Debug|Any CPU.ActiveCfg = Debug|Any CPU
		{B2640EE2-7BD1-4905-B71D-FC3F1D6A731B}.Debug|Any CPU.Build.0 = Debug|Any CPU
		{B2640EE2-7BD1-4905-B71D-FC3F1D6A731B}.Release|Any CPU.ActiveCfg = Release|Any CPU
		{B2640EE2-7BD1-4905-B71D-FC3F1D6A731B}.Release|Any CPU.Build.0 = Release|Any CPU
		{D0D9F056-4FD1-47A9-A69E-22BB50678048}.Debug|Any CPU.ActiveCfg = Debug|Any CPU
		{D0D9F056-4FD1-47A9-A69E-22BB50678048}.Debug|Any CPU.Build.0 = Debug|Any CPU
		{D0D9F056-4FD1-47A9-A69E-22BB50678048}.Release|Any CPU.ActiveCfg = Release|Any CPU
		{D0D9F056-4FD1-47A9-A69E-22BB50678048}.Release|Any CPU.Build.0 = Release|Any CPU
		{4EA1F4A0-6CE0-4B3D-81D7-A15E5C8A56B9}.Debug|Any CPU.ActiveCfg = Debug|Any CPU
		{4EA1F4A0-6CE0-4B3D-81D7-A15E5C8A56B9}.Debug|Any CPU.Build.0 = Debug|Any CPU
		{4EA1F4A0-6CE0-4B3D-81D7-A15E5C8A56B9}.Release|Any CPU.ActiveCfg = Release|Any CPU
		{4EA1F4A0-6CE0-4B3D-81D7-A15E5C8A56B9}.Release|Any CPU.Build.0 = Release|Any CPU
		{2700FE55-FF8A-497B-A719-11B5A4C420D3}.Debug|Any CPU.ActiveCfg = Debug|Any CPU
		{2700FE55-FF8A-497B-A719-11B5A4C420D3}.Debug|Any CPU.Build.0 = Debug|Any CPU
		{2700FE55-FF8A-497B-A719-11B5A4C420D3}.Release|Any CPU.ActiveCfg = Release|Any CPU
		{2700FE55-FF8A-497B-A719-11B5A4C420D3}.Release|Any CPU.Build.0 = Release|Any CPU
		{EAE75111-6EF7-4657-BB91-E64D5D3F365E}.Debug|Any CPU.ActiveCfg = Debug|Any CPU
		{EAE75111-6EF7-4657-BB91-E64D5D3F365E}.Debug|Any CPU.Build.0 = Debug|Any CPU
		{EAE75111-6EF7-4657-BB91-E64D5D3F365E}.Release|Any CPU.ActiveCfg = Release|Any CPU
		{EAE75111-6EF7-4657-BB91-E64D5D3F365E}.Release|Any CPU.Build.0 = Release|Any CPU
		{BD7DC1D5-CCB3-444E-9BED-1D60098A144A}.Debug|Any CPU.ActiveCfg = Debug|Any CPU
		{BD7DC1D5-CCB3-444E-9BED-1D60098A144A}.Debug|Any CPU.Build.0 = Debug|Any CPU
		{BD7DC1D5-CCB3-444E-9BED-1D60098A144A}.Release|Any CPU.ActiveCfg = Release|Any CPU
		{BD7DC1D5-CCB3-444E-9BED-1D60098A144A}.Release|Any CPU.Build.0 = Release|Any CPU
		{A642DC58-E9C2-44BB-B89E-6D1CC7B691B3}.Debug|Any CPU.ActiveCfg = Debug|Any CPU
		{A642DC58-E9C2-44BB-B89E-6D1CC7B691B3}.Debug|Any CPU.Build.0 = Debug|Any CPU
		{A642DC58-E9C2-44BB-B89E-6D1CC7B691B3}.Release|Any CPU.ActiveCfg = Release|Any CPU
		{A642DC58-E9C2-44BB-B89E-6D1CC7B691B3}.Release|Any CPU.Build.0 = Release|Any CPU
		{ACD786B2-B0A1-40F7-ABA5-CB76C8F3B257}.Debug|Any CPU.ActiveCfg = Debug|Any CPU
		{ACD786B2-B0A1-40F7-ABA5-CB76C8F3B257}.Debug|Any CPU.Build.0 = Debug|Any CPU
		{ACD786B2-B0A1-40F7-ABA5-CB76C8F3B257}.Release|Any CPU.ActiveCfg = Release|Any CPU
		{ACD786B2-B0A1-40F7-ABA5-CB76C8F3B257}.Release|Any CPU.Build.0 = Release|Any CPU
		{D92DA903-93AB-47B8-B2D4-7741139C04B7}.Debug|Any CPU.ActiveCfg = Debug|Any CPU
		{D92DA903-93AB-47B8-B2D4-7741139C04B7}.Debug|Any CPU.Build.0 = Debug|Any CPU
		{D92DA903-93AB-47B8-B2D4-7741139C04B7}.Release|Any CPU.ActiveCfg = Release|Any CPU
		{D92DA903-93AB-47B8-B2D4-7741139C04B7}.Release|Any CPU.Build.0 = Release|Any CPU
		{F72220C0-931D-491E-AEBF-D53C43BA8ECD}.Debug|Any CPU.ActiveCfg = Debug|Any CPU
		{F72220C0-931D-491E-AEBF-D53C43BA8ECD}.Debug|Any CPU.Build.0 = Debug|Any CPU
		{F72220C0-931D-491E-AEBF-D53C43BA8ECD}.Release|Any CPU.ActiveCfg = Release|Any CPU
		{F72220C0-931D-491E-AEBF-D53C43BA8ECD}.Release|Any CPU.Build.0 = Release|Any CPU
		{10E3569D-C7F3-4A64-B551-333A010F65A5}.Debug|Any CPU.ActiveCfg = Debug|Any CPU
		{10E3569D-C7F3-4A64-B551-333A010F65A5}.Debug|Any CPU.Build.0 = Debug|Any CPU
		{10E3569D-C7F3-4A64-B551-333A010F65A5}.Release|Any CPU.ActiveCfg = Release|Any CPU
		{10E3569D-C7F3-4A64-B551-333A010F65A5}.Release|Any CPU.Build.0 = Release|Any CPU
	EndGlobalSection
	GlobalSection(SolutionProperties) = preSolution
		HideSolutionNode = FALSE
	EndGlobalSection
	GlobalSection(NestedProjects) = preSolution
		{71173146-59F7-4A42-8A0F-20E010A8EC4A} = {DD458F35-52EE-42C1-A9F7-E85170F643B2}
		{B6AD3BF7-A126-4704-8640-4D1C88DB6237} = {DD458F35-52EE-42C1-A9F7-E85170F643B2}
		{244787A3-A753-41C5-8155-47E69CB2EFCD} = {DD458F35-52EE-42C1-A9F7-E85170F643B2}
		{A91C7C6E-F550-42F3-8D50-3E57798630D4} = {DD458F35-52EE-42C1-A9F7-E85170F643B2}
		{FE1C5858-20D5-4CB5-A945-2C49B5BC6331} = {244787A3-A753-41C5-8155-47E69CB2EFCD}
		{75933388-6DB1-4FC7-A1A0-037AE6375D2B} = {244787A3-A753-41C5-8155-47E69CB2EFCD}
		{AE3CE650-A2DB-42D8-AC6E-3BA82CC0DB50} = {244787A3-A753-41C5-8155-47E69CB2EFCD}
		{88BDD99A-4915-472B-B12E-A0266847AB41} = {244787A3-A753-41C5-8155-47E69CB2EFCD}
		{60BE64F4-2AAF-4319-BE1F-7142BCA219B0} = {B6AD3BF7-A126-4704-8640-4D1C88DB6237}
		{B2640EE2-7BD1-4905-B71D-FC3F1D6A731B} = {B6AD3BF7-A126-4704-8640-4D1C88DB6237}
		{D0D9F056-4FD1-47A9-A69E-22BB50678048} = {B6AD3BF7-A126-4704-8640-4D1C88DB6237}
		{4EA1F4A0-6CE0-4B3D-81D7-A15E5C8A56B9} = {B6AD3BF7-A126-4704-8640-4D1C88DB6237}
		{2700FE55-FF8A-497B-A719-11B5A4C420D3} = {71173146-59F7-4A42-8A0F-20E010A8EC4A}
		{EAE75111-6EF7-4657-BB91-E64D5D3F365E} = {71173146-59F7-4A42-8A0F-20E010A8EC4A}
		{BD7DC1D5-CCB3-444E-9BED-1D60098A144A} = {71173146-59F7-4A42-8A0F-20E010A8EC4A}
		{A642DC58-E9C2-44BB-B89E-6D1CC7B691B3} = {71173146-59F7-4A42-8A0F-20E010A8EC4A}
		{ACD786B2-B0A1-40F7-ABA5-CB76C8F3B257} = {A91C7C6E-F550-42F3-8D50-3E57798630D4}
		{D92DA903-93AB-47B8-B2D4-7741139C04B7} = {A91C7C6E-F550-42F3-8D50-3E57798630D4}
		{F72220C0-931D-491E-AEBF-D53C43BA8ECD} = {A91C7C6E-F550-42F3-8D50-3E57798630D4}
		{10E3569D-C7F3-4A64-B551-333A010F65A5} = {A91C7C6E-F550-42F3-8D50-3E57798630D4}
	EndGlobalSection
	GlobalSection(ExtensibilityGlobals) = postSolution
		SolutionGuid = {C568A8B8-BCA3-4AD2-B8FA-09E05603BA81}
	EndGlobalSection
EndGlobal
